
Microsoft Visual Studio Solution File, Format Version 12.00
# Visual Studio 15
VisualStudioVersion = 15.0.27703.2047
MinimumVisualStudioVersion = 10.0.40219.1
Project("{FAE04EC0-301F-11D3-BF4B-00C04F79EFBC}") = "qtree.core.webapp", "qtree.core.webapp\qtree.core.webapp.csproj", "{9A15E450-7C61-4DC6-9B18-9B8D5DFD2B1A}"
EndProject
Project("{2150E333-8FDC-42A3-9474-1A3956D46DE8}") = "Solution Items", "Solution Items", "{50352E81-BED1-46A4-9824-298C23B7B6E7}"
	ProjectSection(SolutionItems) = preProject
		readme.txt = readme.txt
	EndProjectSection
EndProject
Global
	GlobalSection(SolutionConfigurationPlatforms) = preSolution
		Debug|Any CPU = Debug|Any CPU
		Release|Any CPU = Release|Any CPU
	EndGlobalSection
	GlobalSection(ProjectConfigurationPlatforms) = postSolution
		{9A15E450-7C61-4DC6-9B18-9B8D5DFD2B1A}.Debug|Any CPU.ActiveCfg = Debug|Any CPU
		{9A15E450-7C61-4DC6-9B18-9B8D5DFD2B1A}.Debug|Any CPU.Build.0 = Debug|Any CPU
		{9A15E450-7C61-4DC6-9B18-9B8D5DFD2B1A}.Release|Any CPU.ActiveCfg = Release|Any CPU
		{9A15E450-7C61-4DC6-9B18-9B8D5DFD2B1A}.Release|Any CPU.Build.0 = Release|Any CPU
	EndGlobalSection
	GlobalSection(SolutionProperties) = preSolution
		HideSolutionNode = FALSE
	EndGlobalSection
	GlobalSection(ExtensibilityGlobals) = postSolution
		SolutionGuid = {65F5E037-7467-432F-AA63-BD0713B0AE47}
	EndGlobalSection
EndGlobal
